
Microsoft Visual Studio Solution File, Format Version 12.00
# Visual Studio Version 17
VisualStudioVersion = 17.11.35312.102
MinimumVisualStudioVersion = 10.0.40219.1
Project("{FAE04EC0-301F-11D3-BF4B-00C04F79EFBC}") = "PictureViewer", "PictureViewer\PictureViewer.csproj", "{E7A3D19C-0736-4BD3-983A-4AA6FE000075}"
EndProject
Global
	GlobalSection(SolutionConfigurationPlatforms) = preSolution
		Debug|Any CPU = Debug|Any CPU
		Release|Any CPU = Release|Any CPU
	EndGlobalSection
	GlobalSection(ProjectConfigurationPlatforms) = postSolution
		{E7A3D19C-0736-4BD3-983A-4AA6FE000075}.Debug|Any CPU.ActiveCfg = Debug|Any CPU
		{E7A3D19C-0736-4BD3-983A-4AA6FE000075}.Debug|Any CPU.Build.0 = Debug|Any CPU
		{E7A3D19C-0736-4BD3-983A-4AA6FE000075}.Release|Any CPU.ActiveCfg = Release|Any CPU
		{E7A3D19C-0736-4BD3-983A-4AA6FE000075}.Release|Any CPU.Build.0 = Release|Any CPU
	EndGlobalSection
	GlobalSection(SolutionProperties) = preSolution
		HideSolutionNode = FALSE
	EndGlobalSection
	GlobalSection(ExtensibilityGlobals) = postSolution
		SolutionGuid = {167214BD-72C7-4971-9312-F4236E34561D}
	EndGlobalSection
EndGlobal
